{
  "nodes": {
    "fajli": {
      "inputs": {
        "nixpkgs": "nixpkgs"
      },
      "locked": {
        "path": "../",
        "type": "path"
      },
      "original": {
        "path": "../",
        "type": "path"
      },
      "parent": []
    },
    "nixpkgs": {
      "locked": {
        "lastModified": 1755736253,
        "narHash": "sha256-jlIQRypNhB1PcB1BE+expE4xZeJxzoAGr1iUbHQta8s=",
        "owner": "NixOS",
        "repo": "nixpkgs",
        "rev": "596312aae91421d6923f18cecce934a7d3bfd6b8",
        "type": "github"
      },
      "original": {
        "id": "nixpkgs",
        "type": "indirect"
      }
    },
    "nixpkgs_2": {
      "locked": {
        "lastModified": 1755736253,
        "narHash": "sha256-jlIQRypNhB1PcB1BE+expE4xZeJxzoAGr1iUbHQta8s=",
        "owner": "NixOS",
        "repo": "nixpkgs",
        "rev": "596312aae91421d6923f18cecce934a7d3bfd6b8",
        "type": "github"
      },
      "original": {
        "owner": "NixOS",
        "ref": "nixpkgs-unstable",
        "repo": "nixpkgs",
        "type": "github"
      }
    },
    "root": {
      "inputs": {
        "fajli": "fajli",
        "nixpkgs": "nixpkgs_2"
      }
    }
  },
  "root": "root",
  "version": 7
}
