{
  "nodes": {
    "fajli": {
      "locked": {
        "lastModified": 1757862046,
        "narHash": "sha256-JDbuXaf9LSnbMi7oDZd2KP5YZLTZd74DZYZ3iox74Wg=",
        "owner": "siggsy",
        "repo": "fajli",
        "rev": "07a52a2ecad977a3d9a2ac988f3d49301bcb7d9e",
        "type": "github"
      },
      "original": {
        "owner": "siggsy",
        "repo": "fajli",
        "type": "github"
      }
    },
    "nixpkgs": {
      "locked": {
        "lastModified": 1757746433,
        "narHash": "sha256-fEvTiU4s9lWgW7mYEU/1QUPirgkn+odUBTaindgiziY=",
        "owner": "NixOS",
        "repo": "nixpkgs",
        "rev": "6d7ec06d6868ac6d94c371458fc2391ded9ff13d",
        "type": "github"
      },
      "original": {
        "owner": "NixOS",
        "ref": "nixpkgs-unstable",
        "repo": "nixpkgs",
        "type": "github"
      }
    },
    "root": {
      "inputs": {
        "fajli": "fajli",
        "nixpkgs": "nixpkgs"
      }
    }
  },
  "root": "root",
  "version": 7
}
